
Microsoft Visual Studio Solution File, Format Version 12.00
# Visual Studio 15
VisualStudioVersion = 15.0.28307.1000
MinimumVisualStudioVersion = 10.0.40219.1
Project("{8BC9CEB8-8B4A-11D0-8D11-00A0C91BC942}") = "QtOpencvVideo", "QtOpencvVideo\QtOpencvVideo.vcxproj", "{C67ED22F-AAEC-407B-A547-790D98F508D6}"
EndProject
Global
	GlobalSection(SolutionConfigurationPlatforms) = preSolution
		Debug|x64 = Debug|x64
		Release|x64 = Release|x64
	EndGlobalSection
	GlobalSection(ProjectConfigurationPlatforms) = postSolution
		{C67ED22F-AAEC-407B-A547-790D98F508D6}.Debug|x64.ActiveCfg = Debug|x64
		{C67ED22F-AAEC-407B-A547-790D98F508D6}.Debug|x64.Build.0 = Debug|x64
		{C67ED22F-AAEC-407B-A547-790D98F508D6}.Release|x64.ActiveCfg = Release|x64
		{C67ED22F-AAEC-407B-A547-790D98F508D6}.Release|x64.Build.0 = Release|x64
	EndGlobalSection
	GlobalSection(SolutionProperties) = preSolution
		HideSolutionNode = FALSE
	EndGlobalSection
	GlobalSection(ExtensibilityGlobals) = postSolution
		SolutionGuid = {2AE93C4D-B14B-4ACE-AB8A-D259264401F5}
	EndGlobalSection
EndGlobal
